
Microsoft Visual Studio Solution File, Format Version 12.00
# Visual Studio 15
VisualStudioVersion = 15.0.28307.572
MinimumVisualStudioVersion = 10.0.40219.1
Project("{FAE04EC0-301F-11D3-BF4B-00C04F79EFBC}") = "TicTacToe", "TicTacToe\TicTacToe.csproj", "{917171E6-EDEB-49A2-BBEC-C28733805590}"
EndProject
Global
	GlobalSection(SolutionConfigurationPlatforms) = preSolution
		Debug|Any CPU = Debug|Any CPU
		Release|Any CPU = Release|Any CPU
	EndGlobalSection
	GlobalSection(ProjectConfigurationPlatforms) = postSolution
		{917171E6-EDEB-49A2-BBEC-C28733805590}.Debug|Any CPU.ActiveCfg = Debug|Any CPU
		{917171E6-EDEB-49A2-BBEC-C28733805590}.Debug|Any CPU.Build.0 = Debug|Any CPU
		{917171E6-EDEB-49A2-BBEC-C28733805590}.Release|Any CPU.ActiveCfg = Release|Any CPU
		{917171E6-EDEB-49A2-BBEC-C28733805590}.Release|Any CPU.Build.0 = Release|Any CPU
	EndGlobalSection
	GlobalSection(SolutionProperties) = preSolution
		HideSolutionNode = FALSE
	EndGlobalSection
	GlobalSection(ExtensibilityGlobals) = postSolution
		SolutionGuid = {89FCDD10-0A1F-4DA9-BDB7-B8879F7F2902}
	EndGlobalSection
EndGlobal
